{
	"name": "intersection-observer-amd",
	"version": "1.0.0",
	"lockfileVersion": 1,
	"requires": true,
	"dependencies": {
		"@types/estree": {
			"version": "0.0.39",
			"resolved": "https://registry.npmjs.org/@types/estree/-/estree-0.0.39.tgz",
			"integrity": "sha512-EYNwp3bU+98cpU4lAWYYL7Zz+2gryWH1qbdDTidVd6hkiR6weksdbMadyXKXNPEkQFhXM+hVO9ZygomHXp+AIw==",
			"dev": true
		},
		"@types/node": {
			"version": "11.9.5",
			"resolved": "https://registry.npmjs.org/@types/node/-/node-11.9.5.tgz",
			"integrity": "sha512-vVjM0SVzgaOUpflq4GYBvCpozes8OgIIS5gVXVka+OfK3hvnkC1i93U8WiY2OtNE4XUWyyy/86Kf6e0IHTQw1Q==",
			"dev": true
		},
		"acorn": {
			"version": "6.1.0",
			"resolved": "https://registry.npmjs.org/acorn/-/acorn-6.1.0.tgz",
			"integrity": "sha512-MW/FjM+IvU9CgBzjO3UIPCE2pyEwUsoFl+VGdczOPEdxfGFjuKny/gN54mOuX7Qxmb9Rg9MCn2oKiSUeW+pjrw==",
			"dev": true
		},
		"rollup": {
			"version": "1.2.3",
			"resolved": "https://registry.npmjs.org/rollup/-/rollup-1.2.3.tgz",
			"integrity": "sha512-hTWFogj/Z077imG9XRM1i43ffarWNToDgsqkU62eJRX4rJE213/c8+gUIf4xacfzytl0sjJZfCzzPQfZN7oIQg==",
			"dev": true,
			"requires": {
				"@types/estree": "0.0.39",
				"@types/node": "*",
				"acorn": "^6.1.0"
			}
		}
	}
}
